
Microsoft Visual Studio Solution File, Format Version 12.00
# Visual Studio Version 17
VisualStudioVersion = 17.6.33815.320
MinimumVisualStudioVersion = 10.0.40219.1
Project("{FAE04EC0-301F-11D3-BF4B-00C04F79EFBC}") = "WebAppPhase_03Section3.5", "WebAppPhase_03Section3.5.csproj", "{619C469D-1F0C-4051-8DFB-AC92AFE8DA9E}"
EndProject
Global
	GlobalSection(SolutionConfigurationPlatforms) = preSolution
		Debug|Any CPU = Debug|Any CPU
		Release|Any CPU = Release|Any CPU
	EndGlobalSection
	GlobalSection(ProjectConfigurationPlatforms) = postSolution
		{619C469D-1F0C-4051-8DFB-AC92AFE8DA9E}.Debug|Any CPU.ActiveCfg = Debug|Any CPU
		{619C469D-1F0C-4051-8DFB-AC92AFE8DA9E}.Debug|Any CPU.Build.0 = Debug|Any CPU
		{619C469D-1F0C-4051-8DFB-AC92AFE8DA9E}.Release|Any CPU.ActiveCfg = Release|Any CPU
		{619C469D-1F0C-4051-8DFB-AC92AFE8DA9E}.Release|Any CPU.Build.0 = Release|Any CPU
	EndGlobalSection
	GlobalSection(SolutionProperties) = preSolution
		HideSolutionNode = FALSE
	EndGlobalSection
	GlobalSection(ExtensibilityGlobals) = postSolution
		SolutionGuid = {23DF0E0C-A55B-475F-8D72-C92A4D5A65E8}
	EndGlobalSection
EndGlobal
